
Microsoft Visual Studio Solution File, Format Version 12.00
# Visual Studio Version 17
VisualStudioVersion = 17.5.002.0
MinimumVisualStudioVersion = 10.0.40219.1
Project("{9A19103F-16F7-4668-BE54-9A1E7A4F7556}") = "ConsoleApp01", "ConsoleApp01.csproj", "{E39977AF-0543-4169-BD6A-6DA050B1C270}"
EndProject
Global
	GlobalSection(SolutionConfigurationPlatforms) = preSolution
		Debug|Any CPU = Debug|Any CPU
		Release|Any CPU = Release|Any CPU
	EndGlobalSection
	GlobalSection(ProjectConfigurationPlatforms) = postSolution
		{E39977AF-0543-4169-BD6A-6DA050B1C270}.Debug|Any CPU.ActiveCfg = Debug|Any CPU
		{E39977AF-0543-4169-BD6A-6DA050B1C270}.Debug|Any CPU.Build.0 = Debug|Any CPU
		{E39977AF-0543-4169-BD6A-6DA050B1C270}.Release|Any CPU.ActiveCfg = Release|Any CPU
		{E39977AF-0543-4169-BD6A-6DA050B1C270}.Release|Any CPU.Build.0 = Release|Any CPU
	EndGlobalSection
	GlobalSection(SolutionProperties) = preSolution
		HideSolutionNode = FALSE
	EndGlobalSection
	GlobalSection(ExtensibilityGlobals) = postSolution
		SolutionGuid = {EE3B8149-E030-4EAD-BC32-3F5E8A59DED2}
	EndGlobalSection
EndGlobal
